Microsoft Visual Studio Solution File, Format Version 12.00
# Visual Studio 15
VisualStudioVersion = 15.0.28010.2036
MinimumVisualStudioVersion = 10.0.40219.1
Project("{FAE04EC0-301F-11D3-BF4B-00C04F79EFBC}") = "MarkerRegistratorGui", "MarkerRegistratorGui\MarkerRegistratorGui.csproj", "{0E81D31A-5BB9-47EC-AAA9-FCBC60F9EAD9}"
EndProject
Project("{FAE04EC0-301F-11D3-BF4B-00C04F79EFBC}") = "RecognitionService", "RecognitionService\RecognitionService.csproj", "{183CBD19-EEED-4F55-8C4F-E539F232D0F4}"
EndProject
Project("{9A19103F-16F7-4668-BE54-9A1E7A4F7556}") = "Tests", "Tests\Tests.csproj", "{9B3D2FDC-E8AD-4BFB-8461-3155D52F3C51}"
EndProject
Project("{9A19103F-16F7-4668-BE54-9A1E7A4F7556}") = "RecognitionService.Api", "RecognitionService.Api\RecognitionService.Api.csproj", "{0C741E80-A2CD-448D-ABD5-733CB4174CA2}"
EndProject
Project("{FAE04EC0-301F-11D3-BF4B-00C04F79EFBC}") = "TUIOsharp", "TUIOsharp\TUIOsharp.csproj", "{6080AD8B-8ACD-4C0E-ABAD-26DB043E202B}"
EndProject
Project("{FAE04EC0-301F-11D3-BF4B-00C04F79EFBC}") = "OSCsharp", "OSCsharp\OSCsharp.csproj", "{0ADB210D-0D25-4576-8868-9C47DC4762BE}"
EndProject
Global
	GlobalSection(SolutionConfigurationPlatforms) = preSolution
		Debug|Any CPU = Debug|Any CPU
		Release|Any CPU = Release|Any CPU
	EndGlobalSection
	GlobalSection(ProjectConfigurationPlatforms) = postSolution
		{0E81D31A-5BB9-47EC-AAA9-FCBC60F9EAD9}.Debug|Any CPU.ActiveCfg = Debug|Any CPU
		{0E81D31A-5BB9-47EC-AAA9-FCBC60F9EAD9}.Debug|Any CPU.Build.0 = Debug|Any CPU
		{0E81D31A-5BB9-47EC-AAA9-FCBC60F9EAD9}.Release|Any CPU.ActiveCfg = Release|Any CPU
		{0E81D31A-5BB9-47EC-AAA9-FCBC60F9EAD9}.Release|Any CPU.Build.0 = Release|Any CPU
		{183CBD19-EEED-4F55-8C4F-E539F232D0F4}.Debug|Any CPU.ActiveCfg = Debug|Any CPU
		{183CBD19-EEED-4F55-8C4F-E539F232D0F4}.Debug|Any CPU.Build.0 = Debug|Any CPU
		{183CBD19-EEED-4F55-8C4F-E539F232D0F4}.Release|Any CPU.ActiveCfg = Release|Any CPU
		{183CBD19-EEED-4F55-8C4F-E539F232D0F4}.Release|Any CPU.Build.0 = Release|Any CPU
		{9B3D2FDC-E8AD-4BFB-8461-3155D52F3C51}.Debug|Any CPU.ActiveCfg = Debug|Any CPU
		{9B3D2FDC-E8AD-4BFB-8461-3155D52F3C51}.Debug|Any CPU.Build.0 = Debug|Any CPU
		{9B3D2FDC-E8AD-4BFB-8461-3155D52F3C51}.Release|Any CPU.ActiveCfg = Release|Any CPU
		{9B3D2FDC-E8AD-4BFB-8461-3155D52F3C51}.Release|Any CPU.Build.0 = Release|Any CPU
		{0C741E80-A2CD-448D-ABD5-733CB4174CA2}.Debug|Any CPU.ActiveCfg = Debug|Any CPU
		{0C741E80-A2CD-448D-ABD5-733CB4174CA2}.Debug|Any CPU.Build.0 = Debug|Any CPU
		{0C741E80-A2CD-448D-ABD5-733CB4174CA2}.Release|Any CPU.ActiveCfg = Release|Any CPU
		{0C741E80-A2CD-448D-ABD5-733CB4174CA2}.Release|Any CPU.Build.0 = Release|Any CPU
		{6080AD8B-8ACD-4C0E-ABAD-26DB043E202B}.Debug|Any CPU.ActiveCfg = Debug|Any CPU
		{6080AD8B-8ACD-4C0E-ABAD-26DB043E202B}.Debug|Any CPU.Build.0 = Debug|Any CPU
		{6080AD8B-8ACD-4C0E-ABAD-26DB043E202B}.Release|Any CPU.ActiveCfg = Release|Any CPU
		{6080AD8B-8ACD-4C0E-ABAD-26DB043E202B}.Release|Any CPU.Build.0 = Release|Any CPU
		{0ADB210D-0D25-4576-8868-9C47DC4762BE}.Debug|Any CPU.ActiveCfg = Debug|Any CPU
		{0ADB210D-0D25-4576-8868-9C47DC4762BE}.Debug|Any CPU.Build.0 = Debug|Any CPU
		{0ADB210D-0D25-4576-8868-9C47DC4762BE}.Release|Any CPU.ActiveCfg = Release|Any CPU
		{0ADB210D-0D25-4576-8868-9C47DC4762BE}.Release|Any CPU.Build.0 = Release|Any CPU
	EndGlobalSection
	GlobalSection(SolutionProperties) = preSolution
		HideSolutionNode = FALSE
	EndGlobalSection
	GlobalSection(ExtensibilityGlobals) = postSolution
		SolutionGuid = {C619DA3C-367E-4964-8FA9-5C29879A939A}
	EndGlobalSection
EndGlobal
